
Microsoft Visual Studio Solution File, Format Version 12.00
# Visual Studio 15
Project("{FAE04EC0-301F-11D3-BF4B-00C04F79EFBC}") = "Assembly-CSharp", "Assembly-CSharp.csproj", "{489ADF6C-FC3B-5898-19BF-C1F694B56281}"
EndProject
Project("{FAE04EC0-301F-11D3-BF4B-00C04F79EFBC}") = "Assembly-CSharp-firstpass", "Assembly-CSharp-firstpass.csproj", "{46AC9565-4BE8-2A42-B036-05A79001BFC8}"
EndProject
Project("{FAE04EC0-301F-11D3-BF4B-00C04F79EFBC}") = "Assembly-CSharp-Editor-firstpass", "Assembly-CSharp-Editor-firstpass.csproj", "{5F0FC704-9CA4-F334-E237-DD840FCC7851}"
EndProject
Project("{FAE04EC0-301F-11D3-BF4B-00C04F79EFBC}") = "Assembly-CSharp.Player", "Assembly-CSharp.Player.csproj", "{37CDCF3F-0389-B63F-5625-A1C74B87B5B7}"
EndProject
Project("{FAE04EC0-301F-11D3-BF4B-00C04F79EFBC}") = "Assembly-CSharp-firstpass.Player", "Assembly-CSharp-firstpass.Player.csproj", "{CBDB8A53-BE14-57EC-E991-2E1B0F1FC92D}"
EndProject
Global
	GlobalSection(SolutionConfigurationPlatforms) = preSolution
		Debug|Any CPU = Debug|Any CPU
		Release|Any CPU = Release|Any CPU
	EndGlobalSection
	GlobalSection(ProjectConfigurationPlatforms) = postSolution
		{489ADF6C-FC3B-5898-19BF-C1F694B56281}.Debug|Any CPU.ActiveCfg = Debug|Any CPU
		{489ADF6C-FC3B-5898-19BF-C1F694B56281}.Debug|Any CPU.Build.0 = Debug|Any CPU
		{489ADF6C-FC3B-5898-19BF-C1F694B56281}.Release|Any CPU.ActiveCfg = Release|Any CPU
		{489ADF6C-FC3B-5898-19BF-C1F694B56281}.Release|Any CPU.Build.0 = Release|Any CPU
		{46AC9565-4BE8-2A42-B036-05A79001BFC8}.Debug|Any CPU.ActiveCfg = Debug|Any CPU
		{46AC9565-4BE8-2A42-B036-05A79001BFC8}.Debug|Any CPU.Build.0 = Debug|Any CPU
		{46AC9565-4BE8-2A42-B036-05A79001BFC8}.Release|Any CPU.ActiveCfg = Release|Any CPU
		{46AC9565-4BE8-2A42-B036-05A79001BFC8}.Release|Any CPU.Build.0 = Release|Any CPU
		{5F0FC704-9CA4-F334-E237-DD840FCC7851}.Debug|Any CPU.ActiveCfg = Debug|Any CPU
		{5F0FC704-9CA4-F334-E237-DD840FCC7851}.Debug|Any CPU.Build.0 = Debug|Any CPU
		{5F0FC704-9CA4-F334-E237-DD840FCC7851}.Release|Any CPU.ActiveCfg = Release|Any CPU
		{5F0FC704-9CA4-F334-E237-DD840FCC7851}.Release|Any CPU.Build.0 = Release|Any CPU
		{37CDCF3F-0389-B63F-5625-A1C74B87B5B7}.Debug|Any CPU.ActiveCfg = Debug|Any CPU
		{37CDCF3F-0389-B63F-5625-A1C74B87B5B7}.Debug|Any CPU.Build.0 = Debug|Any CPU
		{37CDCF3F-0389-B63F-5625-A1C74B87B5B7}.Release|Any CPU.ActiveCfg = Release|Any CPU
		{37CDCF3F-0389-B63F-5625-A1C74B87B5B7}.Release|Any CPU.Build.0 = Release|Any CPU
		{CBDB8A53-BE14-57EC-E991-2E1B0F1FC92D}.Debug|Any CPU.ActiveCfg = Debug|Any CPU
		{CBDB8A53-BE14-57EC-E991-2E1B0F1FC92D}.Debug|Any CPU.Build.0 = Debug|Any CPU
		{CBDB8A53-BE14-57EC-E991-2E1B0F1FC92D}.Release|Any CPU.ActiveCfg = Release|Any CPU
		{CBDB8A53-BE14-57EC-E991-2E1B0F1FC92D}.Release|Any CPU.Build.0 = Release|Any CPU
	EndGlobalSection
	GlobalSection(SolutionProperties) = preSolution
		HideSolutionNode = FALSE
	EndGlobalSection
EndGlobal
